
Microsoft Visual Studio Solution File, Format Version 12.00
# Visual Studio Version 17
VisualStudioVersion = 17.8.34316.72
MinimumVisualStudioVersion = 10.0.40219.1
Project("{FAE04EC0-301F-11D3-BF4B-00C04F79EFBC}") = "AdventOfCode", "src\AdventOfCode\AdventOfCode.csproj", "{7EA615D5-6723-488E-9B1F-4CD97F0A56B3}"
EndProject
Global
	GlobalSection(SolutionConfigurationPlatforms) = preSolution
		Debug|Any CPU = Debug|Any CPU
		Release|Any CPU = Release|Any CPU
	EndGlobalSection
	GlobalSection(ProjectConfigurationPlatforms) = postSolution
		{7EA615D5-6723-488E-9B1F-4CD97F0A56B3}.Debug|Any CPU.ActiveCfg = Debug|Any CPU
		{7EA615D5-6723-488E-9B1F-4CD97F0A56B3}.Debug|Any CPU.Build.0 = Debug|Any CPU
		{7EA615D5-6723-488E-9B1F-4CD97F0A56B3}.Release|Any CPU.ActiveCfg = Release|Any CPU
		{7EA615D5-6723-488E-9B1F-4CD97F0A56B3}.Release|Any CPU.Build.0 = Release|Any CPU
	EndGlobalSection
	GlobalSection(SolutionProperties) = preSolution
		HideSolutionNode = FALSE
	EndGlobalSection
	GlobalSection(ExtensibilityGlobals) = postSolution
		SolutionGuid = {6B5B9883-9106-49A9-8609-16488CCE64C2}
	EndGlobalSection
EndGlobal
